
Microsoft Visual Studio Solution File, Format Version 12.00
# Visual Studio Version 16
VisualStudioVersion = 16.0.29728.190
MinimumVisualStudioVersion = 10.0.40219.1
Project("{FAE04EC0-301F-11D3-BF4B-00C04F79EFBC}") = "car", "car\car.csproj", "{67CFB167-B144-4F93-B53D-58C9ADEDAD10}"
EndProject
Global
	GlobalSection(SolutionConfigurationPlatforms) = preSolution
		Debug|Any CPU = Debug|Any CPU
		Release|Any CPU = Release|Any CPU
	EndGlobalSection
	GlobalSection(ProjectConfigurationPlatforms) = postSolution
		{67CFB167-B144-4F93-B53D-58C9ADEDAD10}.Debug|Any CPU.ActiveCfg = Debug|Any CPU
		{67CFB167-B144-4F93-B53D-58C9ADEDAD10}.Debug|Any CPU.Build.0 = Debug|Any CPU
		{67CFB167-B144-4F93-B53D-58C9ADEDAD10}.Release|Any CPU.ActiveCfg = Release|Any CPU
		{67CFB167-B144-4F93-B53D-58C9ADEDAD10}.Release|Any CPU.Build.0 = Release|Any CPU
	EndGlobalSection
	GlobalSection(SolutionProperties) = preSolution
		HideSolutionNode = FALSE
	EndGlobalSection
	GlobalSection(ExtensibilityGlobals) = postSolution
		SolutionGuid = {91249B00-5245-4B7C-8E8D-E7859FE627EA}
	EndGlobalSection
EndGlobal
